# This file was autogenerated by Stack.
# You should not edit this file by hand.
# For more information, please see the documentation at:
#   https://docs.haskellstack.org/en/stable/topics/lock_files

packages:
- completed:
    commit: 33807a3a5a507e99d92b26e245c0aed582fde581
    git: https://github.com/tusharad/ollama-haskell
    name: ollama-haskell
    pantry-tree:
      sha256: 1fb4b9ab3332b5f6921279e98b4aaaaad471b8fbd95b7133779ddb006fdf152a
      size: 5869
    version: 0.2.1.0
  original:
    commit: 33807a3a5a507e99d92b26e245c0aed582fde581
    git: https://github.com/tusharad/ollama-haskell
- completed:
    commit: 2031a05135b892a82b461558d19b813ab67cfb8f
    git: https://github.com/MercuryTechnologies/openai
    name: openai
    pantry-tree:
      sha256: b6d37a8aae100e690b97ae1b688157a22053fb21f47ab622324625f3a8b1667d
      size: 5200
    version: 2.2.1
  original:
    commit: 2031a05135b892a82b461558d19b813ab67cfb8f
    git: https://github.com/MercuryTechnologies/openai
- completed:
    hackage: pdf-toolbox-document-0.1.4@sha256:6016daf47765f4a06b23a90e59741f34f7c2c8561091a9db3caa922339037108,2405
    pantry-tree:
      sha256: 6530b803d559773deb1bcd62ec0828b715a4572798faecbf669e91f829298b7c
      size: 1285
  original:
    hackage: pdf-toolbox-document-0.1.4@sha256:6016daf47765f4a06b23a90e59741f34f7c2c8561091a9db3caa922339037108,2405
- completed:
    hackage: pdf-toolbox-core-0.1.3@sha256:c75e5c95b043521bac74d77b2b606bc53006a96848290609858d684cc9470cae,3826
    pantry-tree:
      sha256: 7ed7ce9458822471616499986bf4293ed4e2fa34d7ef1b8e553ab436b2787289
      size: 2031
  original:
    hackage: pdf-toolbox-core-0.1.3@sha256:c75e5c95b043521bac74d77b2b606bc53006a96848290609858d684cc9470cae,3826
- completed:
    hackage: pdf-toolbox-content-0.1.2@sha256:e84fd8be2150bccd60db4a231ad7b6f82e22eadb29cd3cbbc30cea690fc59dcc,2562
    pantry-tree:
      sha256: 354dd5573b939dc2f8f3ebbf8fa1a2946e15dc4e817fca174ed2dde190bb8ef0
      size: 1427
  original:
    hackage: pdf-toolbox-content-0.1.2@sha256:e84fd8be2150bccd60db4a231ad7b6f82e22eadb29cd3cbbc30cea690fc59dcc,2562
- completed:
    hackage: cryptohash-0.11.9@sha256:59d9494ba0cc9eef087ecba2e12e4d3e2d3b0327dd1542af552e3dca0e7de70d,4230
    pantry-tree:
      sha256: f916b60e1f935ee554beacae455b9d3bc79c083e6235d5f4b519cb6df00e4032
      size: 2259
  original:
    hackage: cryptohash-0.11.9@sha256:59d9494ba0cc9eef087ecba2e12e4d3e2d3b0327dd1542af552e3dca0e7de70d,4230
- completed:
    hackage: cryptonite-0.30@sha256:12c85dea7be63e5ad90bcb487eb3846bf3c413347f94336fa1dede7b28f9936a,18301
    pantry-tree:
      sha256: df1cbe4cc40d569cc75ffed40bc5deac43cb085653980b42b9b6a5d4b745a30a
      size: 23323
  original:
    hackage: cryptonite-0.30@sha256:12c85dea7be63e5ad90bcb487eb3846bf3c413347f94336fa1dede7b28f9936a,18301
- completed:
    hackage: servant-multipart-client-0.12.2@sha256:e8105783e7dbef178a38dcfd05f4d12a8229eac88cfe49319f272dcb544e7365,2276
    pantry-tree:
      sha256: d0a337c6bc04203ed449939cce4cbe958b58147a71faf6cc967469decbdd0324
      size: 400
  original:
    hackage: servant-multipart-client-0.12.2@sha256:e8105783e7dbef178a38dcfd05f4d12a8229eac88cfe49319f272dcb544e7365,2276
- completed:
    hackage: random-1.2.1.3@sha256:117541ba0a177397a3333f94870f789ef050dca31b0688a19824b2bc401b8823,6237
    pantry-tree:
      sha256: 79fdbb95ca2d108acb7b01903dbe288008cecbdc558105b7fdc095bfff7f3e09
      size: 1528
  original:
    hackage: random-1.2.1.3@sha256:117541ba0a177397a3333f94870f789ef050dca31b0688a19824b2bc401b8823,6237
snapshots:
- completed:
    sha256: 00a21f6385077a5340603ff2cb3cd625502e533f09a80c99959ca5754073cac1
    size: 705114
    url: https://raw.githubusercontent.com/commercialhaskell/stackage-snapshots/master/nightly/2025/10/31.yaml
  original: nightly-2025-10-31
